// !$*UTF8*$!
{
	archiveVersion = 1;
	classes = {
	};
	objectVersion = 46;
	objects = {

/* Begin PBXBuildFile section */
		C809FCF8155EC17200CE769B /* CoreDataBase.xcdatamodeld in Sources */ = {isa = PBXBuildFile; fileRef = C809FCF6155EC17200CE769B /* CoreDataBase.xcdatamodeld */; };
		C809FCFE155ECAB700CE769B /* CoreDataBase.sqlite in Resources */ = {isa = PBXBuildFile; fileRef = C809FCFD155ECAB700CE769B /* CoreDataBase.sqlite */; };
		C80D15EF15489D5D00A5BB61 /* MainStoryboard.storyboard in Resources */ = {isa = PBXBuildFile; fileRef = C80D15ED15489D5D00A5BB61 /* MainStoryboard.storyboard */; };
		C80ED13A15487FF4002CD0A8 /* iCarousel.m in Sources */ = {isa = PBXBuildFile; fileRef = C80ED13915487FF4002CD0A8 /* iCarousel.m */; };
		C80ED14015488247002CD0A8 /* QuartzCore.framework in Frameworks */ = {isa = PBXBuildFile; fileRef = C80ED13F15488247002CD0A8 /* QuartzCore.framework */; };
		C80ED1C315488582002CD0A8 /* GenericUIViewController.m in Sources */ = {isa = PBXBuildFile; fileRef = C80ED1AB15488582002CD0A8 /* GenericUIViewController.m */; };
		C80ED1C415488582002CD0A8 /* MainUIViewController.m in Sources */ = {isa = PBXBuildFile; fileRef = C80ED1AE15488582002CD0A8 /* MainUIViewController.m */; };
		C80ED1C515488582002CD0A8 /* MissionUIViewController.m in Sources */ = {isa = PBXBuildFile; fileRef = C80ED1B115488582002CD0A8 /* MissionUIViewController.m */; };
		C80ED1C715488582002CD0A8 /* ShopUIViewController.m in Sources */ = {isa = PBXBuildFile; fileRef = C80ED1B715488582002CD0A8 /* ShopUIViewController.m */; };
		C80ED1C815488582002CD0A8 /* TravelUIViewController.m in Sources */ = {isa = PBXBuildFile; fileRef = C80ED1BA15488582002CD0A8 /* TravelUIViewController.m */; };
		C80ED1C915488582002CD0A8 /* TriboardUIViewController.m in Sources */ = {isa = PBXBuildFile; fileRef = C80ED1BD15488582002CD0A8 /* TriboardUIViewController.m */; };
		C80ED1CA15488582002CD0A8 /* TribuUIViewController.m in Sources */ = {isa = PBXBuildFile; fileRef = C80ED1C015488582002CD0A8 /* TribuUIViewController.m */; };
		C815E9AC15488CDC004BB7B7 /* IslandUIViewController.m in Sources */ = {isa = PBXBuildFile; fileRef = C815E9AB15488CDC004BB7B7 /* IslandUIViewController.m */; };
		C81D5727155C4B3F00E02046 /* Kohicle25.ttf in Resources */ = {isa = PBXBuildFile; fileRef = C81D5726155C4B3F00E02046 /* Kohicle25.ttf */; };
		C81D5729155C5B1F00E02046 /* back-btn@2x.png in Resources */ = {isa = PBXBuildFile; fileRef = C81D5728155C5B1F00E02046 /* back-btn@2x.png */; };
		C81D5730155C603A00E02046 /* main-button-normal@2x.png in Resources */ = {isa = PBXBuildFile; fileRef = C81D572E155C603A00E02046 /* main-button-normal@2x.png */; };
		C81D5731155C603A00E02046 /* main-button-selected@2x.png in Resources */ = {isa = PBXBuildFile; fileRef = C81D572F155C603A00E02046 /* main-button-selected@2x.png */; };
		C81D5735155C6E5F00E02046 /* tribus-bg@2x.png in Resources */ = {isa = PBXBuildFile; fileRef = C81D5734155C6E5F00E02046 /* tribus-bg@2x.png */; };
		C81D5737155C73F000E02046 /* triboard-customization@2x.png in Resources */ = {isa = PBXBuildFile; fileRef = C81D5736155C73F000E02046 /* triboard-customization@2x.png */; };
		C81D5770155C7D9300E02046 /* CoreData.framework in Frameworks */ = {isa = PBXBuildFile; fileRef = C81D576F155C7D9300E02046 /* CoreData.framework */; };
		C81EEFEB1560E3730060C513 /* Tw Cen MT.ttf in Resources */ = {isa = PBXBuildFile; fileRef = C81EEFEA1560E3730060C513 /* Tw Cen MT.ttf */; };
		C81EEFEE156140FB0060C513 /* item2@2x.png in Resources */ = {isa = PBXBuildFile; fileRef = C81EEFED156140FB0060C513 /* item2@2x.png */; };
		C822F8211557FD0600F348C4 /* item@2x.png in Resources */ = {isa = PBXBuildFile; fileRef = C822F8201557FD0600F348C4 /* item@2x.png */; };
		C83AED5815487BE3003EB844 /* UIKit.framework in Frameworks */ = {isa = PBXBuildFile; fileRef = C83AED5715487BE3003EB844 /* UIKit.framework */; };
		C83AED5A15487BE3003EB844 /* Foundation.framework in Frameworks */ = {isa = PBXBuildFile; fileRef = C83AED5915487BE3003EB844 /* Foundation.framework */; };
		C83AED5C15487BE3003EB844 /* CoreGraphics.framework in Frameworks */ = {isa = PBXBuildFile; fileRef = C83AED5B15487BE3003EB844 /* CoreGraphics.framework */; };
		C83AED6215487BE3003EB844 /* InfoPlist.strings in Resources */ = {isa = PBXBuildFile; fileRef = C83AED6015487BE3003EB844 /* InfoPlist.strings */; };
		C83AED6415487BE3003EB844 /* main.m in Sources */ = {isa = PBXBuildFile; fileRef = C83AED6315487BE3003EB844 /* main.m */; };
		C83AED6815487BE3003EB844 /* AppDelegate.m in Sources */ = {isa = PBXBuildFile; fileRef = C83AED6715487BE3003EB844 /* AppDelegate.m */; };
		C858645F1553571E00D44582 /* NavigationUIViewController.m in Sources */ = {isa = PBXBuildFile; fileRef = C858645B1553571E00D44582 /* NavigationUIViewController.m */; };
		C85864601553571E00D44582 /* NavigationUIViewController.xib in Resources */ = {isa = PBXBuildFile; fileRef = C858645C1553571E00D44582 /* NavigationUIViewController.xib */; };
		C85864611553571E00D44582 /* UntouchableUIView.m in Sources */ = {isa = PBXBuildFile; fileRef = C858645E1553571E00D44582 /* UntouchableUIView.m */; };
		C85864761553575D00D44582 /* b_bleu@2x.png in Resources */ = {isa = PBXBuildFile; fileRef = C85864631553575D00D44582 /* b_bleu@2x.png */; };
		C85864771553575D00D44582 /* b_jaune@2x.png in Resources */ = {isa = PBXBuildFile; fileRef = C85864641553575D00D44582 /* b_jaune@2x.png */; };
		C85864781553575D00D44582 /* b_orange@2x.png in Resources */ = {isa = PBXBuildFile; fileRef = C85864651553575D00D44582 /* b_orange@2x.png */; };
		C85864791553575D00D44582 /* b_rouge@2x.png in Resources */ = {isa = PBXBuildFile; fileRef = C85864661553575D00D44582 /* b_rouge@2x.png */; };
		C858647A1553575D00D44582 /* b_vert@2x.png in Resources */ = {isa = PBXBuildFile; fileRef = C85864671553575D00D44582 /* b_vert@2x.png */; };
		C858647B1553575D00D44582 /* b_violet@2x.png in Resources */ = {isa = PBXBuildFile; fileRef = C85864681553575D00D44582 /* b_violet@2x.png */; };
		C858647C1553575D00D44582 /* fond@2x.png in Resources */ = {isa = PBXBuildFile; fileRef = C85864691553575D00D44582 /* fond@2x.png */; };
		C858647D1553575D00D44582 /* fond1@2x.png in Resources */ = {isa = PBXBuildFile; fileRef = C858646A1553575D00D44582 /* fond1@2x.png */; };
		C858647E1553575D00D44582 /* fond2@2x.png in Resources */ = {isa = PBXBuildFile; fileRef = C858646B1553575D00D44582 /* fond2@2x.png */; };
		C858647F1553575D00D44582 /* fond3@2x.png in Resources */ = {isa = PBXBuildFile; fileRef = C858646C1553575D00D44582 /* fond3@2x.png */; };
		C85864801553575D00D44582 /* ile_bleue@2x.png in Resources */ = {isa = PBXBuildFile; fileRef = C858646D1553575D00D44582 /* ile_bleue@2x.png */; };
		C85864811553575D00D44582 /* ile_jaune@2x.png in Resources */ = {isa = PBXBuildFile; fileRef = C858646E1553575D00D44582 /* ile_jaune@2x.png */; };
		C85864821553575D00D44582 /* ile_orange@2x.png in Resources */ = {isa = PBXBuildFile; fileRef = C858646F1553575D00D44582 /* ile_orange@2x.png */; };
		C85864831553575D00D44582 /* ile_rouge@2x.png in Resources */ = {isa = PBXBuildFile; fileRef = C85864701553575D00D44582 /* ile_rouge@2x.png */; };
		C85864841553575D00D44582 /* ile_verte@2x.png in Resources */ = {isa = PBXBuildFile; fileRef = C85864711553575D00D44582 /* ile_verte@2x.png */; };
		C85864851553575D00D44582 /* ile_violette@2x.png in Resources */ = {isa = PBXBuildFile; fileRef = C85864721553575D00D44582 /* ile_violette@2x.png */; };
		C85864861553575D00D44582 /* main-bg@2x.jpg in Resources */ = {isa = PBXBuildFile; fileRef = C85864731553575D00D44582 /* main-bg@2x.jpg */; };
		C85D452E1565624D00A5CC97 /* USave.m in Sources */ = {isa = PBXBuildFile; fileRef = C85D452D1565624D00A5CC97 /* USave.m */; };
		C868F5DE1555A8BA00CF03BB /* CustomUITabBarController.m in Sources */ = {isa = PBXBuildFile; fileRef = C868F5DD1555A8BA00CF03BB /* CustomUITabBarController.m */; };
		C86D2C8C155AEB2E0057AB5D /* item-back@2x.png in Resources */ = {isa = PBXBuildFile; fileRef = C86D2C8B155AEB2E0057AB5D /* item-back@2x.png */; };
		C88026D715614BCC0093F50A /* Color.m in Sources */ = {isa = PBXBuildFile; fileRef = C88026D615614BCC0093F50A /* Color.m */; };
		C880F3F81563D96600C2A974 /* color.json in Resources */ = {isa = PBXBuildFile; fileRef = C880F3F71563D96600C2A974 /* color.json */; };
		C881354D1563C2690085FFF6 /* ColorManager.m in Sources */ = {isa = PBXBuildFile; fileRef = C881354B1563C2690085FFF6 /* ColorManager.m */; };
		C881354E1563C2690085FFF6 /* ColorUIViewController.xib in Resources */ = {isa = PBXBuildFile; fileRef = C881354C1563C2690085FFF6 /* ColorUIViewController.xib */; };
		C8C164391555D32700D88281 /* BagUIViewController.m in Sources */ = {isa = PBXBuildFile; fileRef = C8C164381555D32700D88281 /* BagUIViewController.m */; };
		C8CF002A15603D0D00AE8677 /* NSObject+SBJson.m in Sources */ = {isa = PBXBuildFile; fileRef = C8CF001215603D0D00AE8677 /* NSObject+SBJson.m */; };
		C8CF002B15603D0D00AE8677 /* SBJsonParser.m in Sources */ = {isa = PBXBuildFile; fileRef = C8CF001515603D0D00AE8677 /* SBJsonParser.m */; };
		C8CF002C15603D0D00AE8677 /* SBJsonStreamParser.m in Sources */ = {isa = PBXBuildFile; fileRef = C8CF001715603D0D00AE8677 /* SBJsonStreamParser.m */; };
		C8CF002D15603D0D00AE8677 /* SBJsonStreamParserAccumulator.m in Sources */ = {isa = PBXBuildFile; fileRef = C8CF001915603D0D00AE8677 /* SBJsonStreamParserAccumulator.m */; };
		C8CF002E15603D0D00AE8677 /* SBJsonStreamParserAdapter.m in Sources */ = {isa = PBXBuildFile; fileRef = C8CF001B15603D0D00AE8677 /* SBJsonStreamParserAdapter.m */; };
		C8CF002F15603D0D00AE8677 /* SBJsonStreamParserState.m in Sources */ = {isa = PBXBuildFile; fileRef = C8CF001D15603D0D00AE8677 /* SBJsonStreamParserState.m */; };
		C8CF003015603D0D00AE8677 /* SBJsonStreamWriter.m in Sources */ = {isa = PBXBuildFile; fileRef = C8CF001F15603D0D00AE8677 /* SBJsonStreamWriter.m */; };
		C8CF003115603D0D00AE8677 /* SBJsonStreamWriterAccumulator.m in Sources */ = {isa = PBXBuildFile; fileRef = C8CF002115603D0D00AE8677 /* SBJsonStreamWriterAccumulator.m */; };
		C8CF003215603D0D00AE8677 /* SBJsonStreamWriterState.m in Sources */ = {isa = PBXBuildFile; fileRef = C8CF002315603D0D00AE8677 /* SBJsonStreamWriterState.m */; };
		C8CF003315603D0D00AE8677 /* SBJsonTokeniser.m in Sources */ = {isa = PBXBuildFile; fileRef = C8CF002515603D0D00AE8677 /* SBJsonTokeniser.m */; };
		C8CF003415603D0D00AE8677 /* SBJsonUTF8Stream.m in Sources */ = {isa = PBXBuildFile; fileRef = C8CF002715603D0D00AE8677 /* SBJsonUTF8Stream.m */; };
		C8CF003515603D0D00AE8677 /* SBJsonWriter.m in Sources */ = {isa = PBXBuildFile; fileRef = C8CF002915603D0D00AE8677 /* SBJsonWriter.m */; };
		C8CF003815603DC800AE8677 /* motif.json in Resources */ = {isa = PBXBuildFile; fileRef = C8CF003715603DC800AE8677 /* motif.json */; };
		C8CF003A1560484A00AE8677 /* mission.json in Resources */ = {isa = PBXBuildFile; fileRef = C8CF00391560484A00AE8677 /* mission.json */; };
		C8CF0040156075EE00AE8677 /* ShopItemUIController.m in Sources */ = {isa = PBXBuildFile; fileRef = C8CF003E156075EE00AE8677 /* ShopItemUIController.m */; };
		C8CF0041156075EE00AE8677 /* ShopItemUIController.xib in Resources */ = {isa = PBXBuildFile; fileRef = C8CF003F156075EE00AE8677 /* ShopItemUIController.xib */; };
		C8CF69E61553CCF9005AE1E6 /* NMCustomLabel.m in Sources */ = {isa = PBXBuildFile; fileRef = C8CF69E51553CCF9005AE1E6 /* NMCustomLabel.m */; settings = {COMPILER_FLAGS = "-fno-objc-arc"; }; };
		C8CF69E91553CFFE005AE1E6 /* CoreText.framework in Frameworks */ = {isa = PBXBuildFile; fileRef = C8CF69E81553CFFE005AE1E6 /* CoreText.framework */; };
		C8D4D6CD15659452003AF41C /* MissionItemUIViewController.m in Sources */ = {isa = PBXBuildFile; fileRef = C8D4D6CB15659452003AF41C /* MissionItemUIViewController.m */; };
		C8D4D6CE15659452003AF41C /* MissionItemUIViewController.xib in Resources */ = {isa = PBXBuildFile; fileRef = C8D4D6CC15659452003AF41C /* MissionItemUIViewController.xib */; };
		C8D4D6D115659564003AF41C /* mission-item.png in Resources */ = {isa = PBXBuildFile; fileRef = C8D4D6D015659564003AF41C /* mission-item.png */; };
		C8D4D6D4156596C7003AF41C /* mission-item-ok-bg.png in Resources */ = {isa = PBXBuildFile; fileRef = C8D4D6D2156596C7003AF41C /* mission-item-ok-bg.png */; };
		C8D4D6D5156596C7003AF41C /* mission-item-ok.png in Resources */ = {isa = PBXBuildFile; fileRef = C8D4D6D3156596C7003AF41C /* mission-item-ok.png */; };
		C8F12AD01558103C00DF34D7 /* Settings.bundle in Resources */ = {isa = PBXBuildFile; fileRef = C8F12ACF1558103C00DF34D7 /* Settings.bundle */; };
		E2E65690156679CA00AA1311 /* FromTopReplaceSegue.m in Sources */ = {isa = PBXBuildFile; fileRef = E2E6568F156679CA00AA1311 /* FromTopReplaceSegue.m */; };
		E2E6569515667C5400AA1311 /* TriboardItemUIViewController.m in Sources */ = {isa = PBXBuildFile; fileRef = E2E6569315667C5400AA1311 /* TriboardItemUIViewController.m */; };
		E2E6569615667C5400AA1311 /* TriboardItemUIViewController.xib in Resources */ = {isa = PBXBuildFile; fileRef = E2E6569415667C5400AA1311 /* TriboardItemUIViewController.xib */; };
		E2E65698156681AE00AA1311 /* triboard.json in Resources */ = {isa = PBXBuildFile; fileRef = E2E65697156681AE00AA1311 /* triboard.json */; };
/* End PBXBuildFile section */

/* Begin PBXFileReference section */
		C809FCF7155EC17200CE769B /* CoreDataBase.xcdatamodel */ = {isa = PBXFileReference; lastKnownFileType = wrapper.xcdatamodel; path = CoreDataBase.xcdatamodel; sourceTree = "<group>"; };
		C809FCFD155ECAB700CE769B /* CoreDataBase.sqlite */ = {isa = PBXFileReference; lastKnownFileType = file; path = CoreDataBase.sqlite; sourceTree = "<group>"; };
		C80D15EE15489D5D00A5BB61 /* en */ = {isa = PBXFileReference; lastKnownFileType = file.storyboard; name = en; path = Tribus/en.lproj/MainStoryboard.storyboard; sourceTree = SOURCE_ROOT; };
		C80ED13815487FF4002CD0A8 /* iCarousel.h */ = {isa = PBXFileReference; fileEncoding = 4; lastKnownFileType = sourcecode.c.h; path = iCarousel.h; sourceTree = "<group>"; };
		C80ED13915487FF4002CD0A8 /* iCarousel.m */ = {isa = PBXFileReference; fileEncoding = 4; lastKnownFileType = sourcecode.c.objc; path = iCarousel.m; sourceTree = "<group>"; };
		C80ED13F15488247002CD0A8 /* QuartzCore.framework */ = {isa = PBXFileReference; lastKnownFileType = wrapper.framework; name = QuartzCore.framework; path = System/Library/Frameworks/QuartzCore.framework; sourceTree = SDKROOT; };
		C80ED1AA15488582002CD0A8 /* GenericUIViewController.h */ = {isa = PBXFileReference; fileEncoding = 4; lastKnownFileType = sourcecode.c.h; path = GenericUIViewController.h; sourceTree = "<group>"; };
		C80ED1AB15488582002CD0A8 /* GenericUIViewController.m */ = {isa = PBXFileReference; fileEncoding = 4; lastKnownFileType = sourcecode.c.objc; path = GenericUIViewController.m; sourceTree = "<group>"; };
		C80ED1AD15488582002CD0A8 /* MainUIViewController.h */ = {isa = PBXFileReference; fileEncoding = 4; lastKnownFileType = sourcecode.c.h; path = MainUIViewController.h; sourceTree = "<group>"; };
		C80ED1AE15488582002CD0A8 /* MainUIViewController.m */ = {isa = PBXFileReference; fileEncoding = 4; lastKnownFileType = sourcecode.c.objc; path = MainUIViewController.m; sourceTree = "<group>"; };
		C80ED1B015488582002CD0A8 /* MissionUIViewController.h */ = {isa = PBXFileReference; fileEncoding = 4; lastKnownFileType = sourcecode.c.h; path = MissionUIViewController.h; sourceTree = "<group>"; };
		C80ED1B115488582002CD0A8 /* MissionUIViewController.m */ = {isa = PBXFileReference; fileEncoding = 4; lastKnownFileType = sourcecode.c.objc; path = MissionUIViewController.m; sourceTree = "<group>"; };
		C80ED1B615488582002CD0A8 /* ShopUIViewController.h */ = {isa = PBXFileReference; fileEncoding = 4; lastKnownFileType = sourcecode.c.h; path = ShopUIViewController.h; sourceTree = "<group>"; };
		C80ED1B715488582002CD0A8 /* ShopUIViewController.m */ = {isa = PBXFileReference; fileEncoding = 4; lastKnownFileType = sourcecode.c.objc; path = ShopUIViewController.m; sourceTree = "<group>"; };
		C80ED1B915488582002CD0A8 /* TravelUIViewController.h */ = {isa = PBXFileReference; fileEncoding = 4; lastKnownFileType = sourcecode.c.h; path = TravelUIViewController.h; sourceTree = "<group>"; };
		C80ED1BA15488582002CD0A8 /* TravelUIViewController.m */ = {isa = PBXFileReference; fileEncoding = 4; lastKnownFileType = sourcecode.c.objc; path = TravelUIViewController.m; sourceTree = "<group>"; };
		C80ED1BC15488582002CD0A8 /* TriboardUIViewController.h */ = {isa = PBXFileReference; fileEncoding = 4; lastKnownFileType = sourcecode.c.h; path = TriboardUIViewController.h; sourceTree = "<group>"; };
		C80ED1BD15488582002CD0A8 /* TriboardUIViewController.m */ = {isa = PBXFileReference; fileEncoding = 4; lastKnownFileType = sourcecode.c.objc; path = TriboardUIViewController.m; sourceTree = "<group>"; };
		C80ED1BF15488582002CD0A8 /* TribuUIViewController.h */ = {isa = PBXFileReference; fileEncoding = 4; lastKnownFileType = sourcecode.c.h; path = TribuUIViewController.h; sourceTree = "<group>"; };
		C80ED1C015488582002CD0A8 /* TribuUIViewController.m */ = {isa = PBXFileReference; fileEncoding = 4; lastKnownFileType = sourcecode.c.objc; path = TribuUIViewController.m; sourceTree = "<group>"; };
		C815E9AA15488CDC004BB7B7 /* IslandUIViewController.h */ = {isa = PBXFileReference; fileEncoding = 4; lastKnownFileType = sourcecode.c.h; path = IslandUIViewController.h; sourceTree = "<group>"; };
		C815E9AB15488CDC004BB7B7 /* IslandUIViewController.m */ = {isa = PBXFileReference; fileEncoding = 4; lastKnownFileType = sourcecode.c.objc; path = IslandUIViewController.m; sourceTree = "<group>"; };
		C81D5726155C4B3F00E02046 /* Kohicle25.ttf */ = {isa = PBXFileReference; lastKnownFileType = file; path = Kohicle25.ttf; sourceTree = "<group>"; };
		C81D5728155C5B1F00E02046 /* back-btn@2x.png */ = {isa = PBXFileReference; lastKnownFileType = image.png; path = "back-btn@2x.png"; sourceTree = "<group>"; };
		C81D572E155C603A00E02046 /* main-button-normal@2x.png */ = {isa = PBXFileReference; lastKnownFileType = image.png; path = "main-button-normal@2x.png"; sourceTree = "<group>"; };
		C81D572F155C603A00E02046 /* main-button-selected@2x.png */ = {isa = PBXFileReference; lastKnownFileType = image.png; path = "main-button-selected@2x.png"; sourceTree = "<group>"; };
		C81D5734155C6E5F00E02046 /* tribus-bg@2x.png */ = {isa = PBXFileReference; lastKnownFileType = image.png; path = "tribus-bg@2x.png"; sourceTree = "<group>"; };
		C81D5736155C73F000E02046 /* triboard-customization@2x.png */ = {isa = PBXFileReference; lastKnownFileType = image.png; path = "triboard-customization@2x.png"; sourceTree = "<group>"; };
		C81D576F155C7D9300E02046 /* CoreData.framework */ = {isa = PBXFileReference; lastKnownFileType = wrapper.framework; name = CoreData.framework; path = System/Library/Frameworks/CoreData.framework; sourceTree = SDKROOT; };
		C81EEFEA1560E3730060C513 /* Tw Cen MT.ttf */ = {isa = PBXFileReference; lastKnownFileType = file; path = "Tw Cen MT.ttf"; sourceTree = "<group>"; };
		C81EEFED156140FB0060C513 /* item2@2x.png */ = {isa = PBXFileReference; lastKnownFileType = image.png; path = "item2@2x.png"; sourceTree = "<group>"; };
		C822F8201557FD0600F348C4 /* item@2x.png */ = {isa = PBXFileReference; lastKnownFileType = image.png; path = "item@2x.png"; sourceTree = "<group>"; };
		C83AED5315487BE3003EB844 /* Tribus.app */ = {isa = PBXFileReference; explicitFileType = wrapper.application; includeInIndex = 0; path = Tribus.app; sourceTree = BUILT_PRODUCTS_DIR; };
		C83AED5715487BE3003EB844 /* UIKit.framework */ = {isa = PBXFileReference; lastKnownFileType = wrapper.framework; name = UIKit.framework; path = System/Library/Frameworks/UIKit.framework; sourceTree = SDKROOT; };
		C83AED5915487BE3003EB844 /* Foundation.framework */ = {isa = PBXFileReference; lastKnownFileType = wrapper.framework; name = Foundation.framework; path = System/Library/Frameworks/Foundation.framework; sourceTree = SDKROOT; };
		C83AED5B15487BE3003EB844 /* CoreGraphics.framework */ = {isa = PBXFileReference; lastKnownFileType = wrapper.framework; name = CoreGraphics.framework; path = System/Library/Frameworks/CoreGraphics.framework; sourceTree = SDKROOT; };
		C83AED5F15487BE3003EB844 /* Tribus-Info.plist */ = {isa = PBXFileReference; lastKnownFileType = text.plist.xml; path = "Tribus-Info.plist"; sourceTree = "<group>"; };
		C83AED6115487BE3003EB844 /* en */ = {isa = PBXFileReference; lastKnownFileType = text.plist.strings; name = en; path = en.lproj/InfoPlist.strings; sourceTree = "<group>"; };
		C83AED6315487BE3003EB844 /* main.m */ = {isa = PBXFileReference; lastKnownFileType = sourcecode.c.objc; path = main.m; sourceTree = "<group>"; };
		C83AED6515487BE3003EB844 /* Tribus-Prefix.pch */ = {isa = PBXFileReference; lastKnownFileType = sourcecode.c.h; path = "Tribus-Prefix.pch"; sourceTree = "<group>"; };
		C83AED6615487BE3003EB844 /* AppDelegate.h */ = {isa = PBXFileReference; lastKnownFileType = sourcecode.c.h; path = AppDelegate.h; sourceTree = "<group>"; };
		C83AED6715487BE3003EB844 /* AppDelegate.m */ = {isa = PBXFileReference; lastKnownFileType = sourcecode.c.objc; path = AppDelegate.m; sourceTree = "<group>"; };
		C858645A1553571E00D44582 /* NavigationUIViewController.h */ = {isa = PBXFileReference; fileEncoding = 4; lastKnownFileType = sourcecode.c.h; path = NavigationUIViewController.h; sourceTree = "<group>"; };
		C858645B1553571E00D44582 /* NavigationUIViewController.m */ = {isa = PBXFileReference; fileEncoding = 4; lastKnownFileType = sourcecode.c.objc; path = NavigationUIViewController.m; sourceTree = "<group>"; };
		C858645C1553571E00D44582 /* NavigationUIViewController.xib */ = {isa = PBXFileReference; fileEncoding = 4; lastKnownFileType = file.xib; path = NavigationUIViewController.xib; sourceTree = "<group>"; };
		C858645D1553571E00D44582 /* UntouchableUIView.h */ = {isa = PBXFileReference; fileEncoding = 4; lastKnownFileType = sourcecode.c.h; path = UntouchableUIView.h; sourceTree = "<group>"; };
		C858645E1553571E00D44582 /* UntouchableUIView.m */ = {isa = PBXFileReference; fileEncoding = 4; lastKnownFileType = sourcecode.c.objc; path = UntouchableUIView.m; sourceTree = "<group>"; };
		C85864631553575D00D44582 /* b_bleu@2x.png */ = {isa = PBXFileReference; lastKnownFileType = image.png; path = "b_bleu@2x.png"; sourceTree = "<group>"; };
		C85864641553575D00D44582 /* b_jaune@2x.png */ = {isa = PBXFileReference; lastKnownFileType = image.png; path = "b_jaune@2x.png"; sourceTree = "<group>"; };
		C85864651553575D00D44582 /* b_orange@2x.png */ = {isa = PBXFileReference; lastKnownFileType = image.png; path = "b_orange@2x.png"; sourceTree = "<group>"; };
		C85864661553575D00D44582 /* b_rouge@2x.png */ = {isa = PBXFileReference; lastKnownFileType = image.png; path = "b_rouge@2x.png"; sourceTree = "<group>"; };
		C85864671553575D00D44582 /* b_vert@2x.png */ = {isa = PBXFileReference; lastKnownFileType = image.png; path = "b_vert@2x.png"; sourceTree = "<group>"; };
		C85864681553575D00D44582 /* b_violet@2x.png */ = {isa = PBXFileReference; lastKnownFileType = image.png; path = "b_violet@2x.png"; sourceTree = "<group>"; };
		C85864691553575D00D44582 /* fond@2x.png */ = {isa = PBXFileReference; lastKnownFileType = image.png; path = "fond@2x.png"; sourceTree = "<group>"; };
		C858646A1553575D00D44582 /* fond1@2x.png */ = {isa = PBXFileReference; lastKnownFileType = image.png; path = "fond1@2x.png"; sourceTree = "<group>"; };
		C858646B1553575D00D44582 /* fond2@2x.png */ = {isa = PBXFileReference; lastKnownFileType = image.png; path = "fond2@2x.png"; sourceTree = "<group>"; };
		C858646C1553575D00D44582 /* fond3@2x.png */ = {isa = PBXFileReference; lastKnownFileType = image.png; path = "fond3@2x.png"; sourceTree = "<group>"; };
		C858646D1553575D00D44582 /* ile_bleue@2x.png */ = {isa = PBXFileReference; lastKnownFileType = image.png; path = "ile_bleue@2x.png"; sourceTree = "<group>"; };
		C858646E1553575D00D44582 /* ile_jaune@2x.png */ = {isa = PBXFileReference; lastKnownFileType = image.png; path = "ile_jaune@2x.png"; sourceTree = "<group>"; };
		C858646F1553575D00D44582 /* ile_orange@2x.png */ = {isa = PBXFileReference; lastKnownFileType = image.png; path = "ile_orange@2x.png"; sourceTree = "<group>"; };
		C85864701553575D00D44582 /* ile_rouge@2x.png */ = {isa = PBXFileReference; lastKnownFileType = image.png; path = "ile_rouge@2x.png"; sourceTree = "<group>"; };
		C85864711553575D00D44582 /* ile_verte@2x.png */ = {isa = PBXFileReference; lastKnownFileType = image.png; path = "ile_verte@2x.png"; sourceTree = "<group>"; };
		C85864721553575D00D44582 /* ile_violette@2x.png */ = {isa = PBXFileReference; lastKnownFileType = image.png; path = "ile_violette@2x.png"; sourceTree = "<group>"; };
		C85864731553575D00D44582 /* main-bg@2x.jpg */ = {isa = PBXFileReference; lastKnownFileType = image.jpeg; path = "main-bg@2x.jpg"; sourceTree = "<group>"; };
		C85D452C1565624D00A5CC97 /* USave.h */ = {isa = PBXFileReference; fileEncoding = 4; lastKnownFileType = sourcecode.c.h; path = USave.h; sourceTree = "<group>"; };
		C85D452D1565624D00A5CC97 /* USave.m */ = {isa = PBXFileReference; fileEncoding = 4; lastKnownFileType = sourcecode.c.objc; path = USave.m; sourceTree = "<group>"; };
		C868F5DC1555A8BA00CF03BB /* CustomUITabBarController.h */ = {isa = PBXFileReference; fileEncoding = 4; lastKnownFileType = sourcecode.c.h; path = CustomUITabBarController.h; sourceTree = "<group>"; };
		C868F5DD1555A8BA00CF03BB /* CustomUITabBarController.m */ = {isa = PBXFileReference; fileEncoding = 4; lastKnownFileType = sourcecode.c.objc; path = CustomUITabBarController.m; sourceTree = "<group>"; };
		C86D2C8B155AEB2E0057AB5D /* item-back@2x.png */ = {isa = PBXFileReference; lastKnownFileType = image.png; path = "item-back@2x.png"; sourceTree = "<group>"; };
		C88026D515614BCC0093F50A /* Color.h */ = {isa = PBXFileReference; fileEncoding = 4; lastKnownFileType = sourcecode.c.h; path = Color.h; sourceTree = "<group>"; };
		C88026D615614BCC0093F50A /* Color.m */ = {isa = PBXFileReference; fileEncoding = 4; lastKnownFileType = sourcecode.c.objc; path = Color.m; sourceTree = "<group>"; };
		C880F3F71563D96600C2A974 /* color.json */ = {isa = PBXFileReference; fileEncoding = 4; lastKnownFileType = text.json; path = color.json; sourceTree = "<group>"; };
		C881354A1563C2690085FFF6 /* ColorManager.h */ = {isa = PBXFileReference; fileEncoding = 4; lastKnownFileType = sourcecode.c.h; path = ColorManager.h; sourceTree = "<group>"; };
		C881354B1563C2690085FFF6 /* ColorManager.m */ = {isa = PBXFileReference; fileEncoding = 4; lastKnownFileType = sourcecode.c.objc; path = ColorManager.m; sourceTree = "<group>"; };
		C881354C1563C2690085FFF6 /* ColorUIViewController.xib */ = {isa = PBXFileReference; fileEncoding = 4; lastKnownFileType = file.xib; path = ColorUIViewController.xib; sourceTree = "<group>"; };
		C8C164371555D32700D88281 /* BagUIViewController.h */ = {isa = PBXFileReference; fileEncoding = 4; lastKnownFileType = sourcecode.c.h; path = BagUIViewController.h; sourceTree = "<group>"; };
		C8C164381555D32700D88281 /* BagUIViewController.m */ = {isa = PBXFileReference; fileEncoding = 4; lastKnownFileType = sourcecode.c.objc; path = BagUIViewController.m; sourceTree = "<group>"; };
		C8CF001115603D0D00AE8677 /* NSObject+SBJson.h */ = {isa = PBXFileReference; fileEncoding = 4; lastKnownFileType = sourcecode.c.h; path = "NSObject+SBJson.h"; sourceTree = "<group>"; };
		C8CF001215603D0D00AE8677 /* NSObject+SBJson.m */ = {isa = PBXFileReference; fileEncoding = 4; lastKnownFileType = sourcecode.c.objc; path = "NSObject+SBJson.m"; sourceTree = "<group>"; };
		C8CF001315603D0D00AE8677 /* SBJson.h */ = {isa = PBXFileReference; fileEncoding = 4; lastKnownFileType = sourcecode.c.h; path = SBJson.h; sourceTree = "<group>"; };
		C8CF001415603D0D00AE8677 /* SBJsonParser.h */ = {isa = PBXFileReference; fileEncoding = 4; lastKnownFileType = sourcecode.c.h; path = SBJsonParser.h; sourceTree = "<group>"; };
		C8CF001515603D0D00AE8677 /* SBJsonParser.m */ = {isa = PBXFileReference; fileEncoding = 4; lastKnownFileType = sourcecode.c.objc; path = SBJsonParser.m; sourceTree = "<group>"; };
		C8CF001615603D0D00AE8677 /* SBJsonStreamParser.h */ = {isa = PBXFileReference; fileEncoding = 4; lastKnownFileType = sourcecode.c.h; path = SBJsonStreamParser.h; sourceTree = "<group>"; };
		C8CF001715603D0D00AE8677 /* SBJsonStreamParser.m */ = {isa = PBXFileReference; fileEncoding = 4; lastKnownFileType = sourcecode.c.objc; path = SBJsonStreamParser.m; sourceTree = "<group>"; };
		C8CF001815603D0D00AE8677 /* SBJsonStreamParserAccumulator.h */ = {isa = PBXFileReference; fileEncoding = 4; lastKnownFileType = sourcecode.c.h; path = SBJsonStreamParserAccumulator.h; sourceTree = "<group>"; };
		C8CF001915603D0D00AE8677 /* SBJsonStreamParserAccumulator.m */ = {isa = PBXFileReference; fileEncoding = 4; lastKnownFileType = sourcecode.c.objc; path = SBJsonStreamParserAccumulator.m; sourceTree = "<group>"; };
		C8CF001A15603D0D00AE8677 /* SBJsonStreamParserAdapter.h */ = {isa = PBXFileReference; fileEncoding = 4; lastKnownFileType = sourcecode.c.h; path = SBJsonStreamParserAdapter.h; sourceTree = "<group>"; };
		C8CF001B15603D0D00AE8677 /* SBJsonStreamParserAdapter.m */ = {isa = PBXFileReference; fileEncoding = 4; lastKnownFileType = sourcecode.c.objc; path = SBJsonStreamParserAdapter.m; sourceTree = "<group>"; };
		C8CF001C15603D0D00AE8677 /* SBJsonStreamParserState.h */ = {isa = PBXFileReference; fileEncoding = 4; lastKnownFileType = sourcecode.c.h; path = SBJsonStreamParserState.h; sourceTree = "<group>"; };
		C8CF001D15603D0D00AE8677 /* SBJsonStreamParserState.m */ = {isa = PBXFileReference; fileEncoding = 4; lastKnownFileType = sourcecode.c.objc; path = SBJsonStreamParserState.m; sourceTree = "<group>"; };
		C8CF001E15603D0D00AE8677 /* SBJsonStreamWriter.h */ = {isa = PBXFileReference; fileEncoding = 4; lastKnownFileType = sourcecode.c.h; path = SBJsonStreamWriter.h; sourceTree = "<group>"; };
		C8CF001F15603D0D00AE8677 /* SBJsonStreamWriter.m */ = {isa = PBXFileReference; fileEncoding = 4; lastKnownFileType = sourcecode.c.objc; path = SBJsonStreamWriter.m; sourceTree = "<group>"; };
		C8CF002015603D0D00AE8677 /* SBJsonStreamWriterAccumulator.h */ = {isa = PBXFileReference; fileEncoding = 4; lastKnownFileType = sourcecode.c.h; path = SBJsonStreamWriterAccumulator.h; sourceTree = "<group>"; };
		C8CF002115603D0D00AE8677 /* SBJsonStreamWriterAccumulator.m */ = {isa = PBXFileReference; fileEncoding = 4; lastKnownFileType = sourcecode.c.objc; path = SBJsonStreamWriterAccumulator.m; sourceTree = "<group>"; };
		C8CF002215603D0D00AE8677 /* SBJsonStreamWriterState.h */ = {isa = PBXFileReference; fileEncoding = 4; lastKnownFileType = sourcecode.c.h; path = SBJsonStreamWriterState.h; sourceTree = "<group>"; };
		C8CF002315603D0D00AE8677 /* SBJsonStreamWriterState.m */ = {isa = PBXFileReference; fileEncoding = 4; lastKnownFileType = sourcecode.c.objc; path = SBJsonStreamWriterState.m; sourceTree = "<group>"; };
		C8CF002415603D0D00AE8677 /* SBJsonTokeniser.h */ = {isa = PBXFileReference; fileEncoding = 4; lastKnownFileType = sourcecode.c.h; path = SBJsonTokeniser.h; sourceTree = "<group>"; };
		C8CF002515603D0D00AE8677 /* SBJsonTokeniser.m */ = {isa = PBXFileReference; fileEncoding = 4; lastKnownFileType = sourcecode.c.objc; path = SBJsonTokeniser.m; sourceTree = "<group>"; };
		C8CF002615603D0D00AE8677 /* SBJsonUTF8Stream.h */ = {isa = PBXFileReference; fileEncoding = 4; lastKnownFileType = sourcecode.c.h; path = SBJsonUTF8Stream.h; sourceTree = "<group>"; };
		C8CF002715603D0D00AE8677 /* SBJsonUTF8Stream.m */ = {isa = PBXFileReference; fileEncoding = 4; lastKnownFileType = sourcecode.c.objc; path = SBJsonUTF8Stream.m; sourceTree = "<group>"; };
		C8CF002815603D0D00AE8677 /* SBJsonWriter.h */ = {isa = PBXFileReference; fileEncoding = 4; lastKnownFileType = sourcecode.c.h; path = SBJsonWriter.h; sourceTree = "<group>"; };
		C8CF002915603D0D00AE8677 /* SBJsonWriter.m */ = {isa = PBXFileReference; fileEncoding = 4; lastKnownFileType = sourcecode.c.objc; path = SBJsonWriter.m; sourceTree = "<group>"; };
		C8CF003715603DC800AE8677 /* motif.json */ = {isa = PBXFileReference; fileEncoding = 4; lastKnownFileType = text.json; path = motif.json; sourceTree = "<group>"; };
		C8CF00391560484A00AE8677 /* mission.json */ = {isa = PBXFileReference; fileEncoding = 4; lastKnownFileType = text.json; path = mission.json; sourceTree = "<group>"; };
		C8CF003D156075EE00AE8677 /* ShopItemUIController.h */ = {isa = PBXFileReference; fileEncoding = 4; lastKnownFileType = sourcecode.c.h; path = ShopItemUIController.h; sourceTree = "<group>"; };
		C8CF003E156075EE00AE8677 /* ShopItemUIController.m */ = {isa = PBXFileReference; fileEncoding = 4; lastKnownFileType = sourcecode.c.objc; path = ShopItemUIController.m; sourceTree = "<group>"; };
		C8CF003F156075EE00AE8677 /* ShopItemUIController.xib */ = {isa = PBXFileReference; fileEncoding = 4; lastKnownFileType = file.xib; path = ShopItemUIController.xib; sourceTree = "<group>"; };
		C8CF69E41553CCF9005AE1E6 /* NMCustomLabel.h */ = {isa = PBXFileReference; fileEncoding = 4; lastKnownFileType = sourcecode.c.h; path = NMCustomLabel.h; sourceTree = "<group>"; };
		C8CF69E51553CCF9005AE1E6 /* NMCustomLabel.m */ = {isa = PBXFileReference; fileEncoding = 4; lastKnownFileType = sourcecode.c.objc; path = NMCustomLabel.m; sourceTree = "<group>"; };
		C8CF69E81553CFFE005AE1E6 /* CoreText.framework */ = {isa = PBXFileReference; lastKnownFileType = wrapper.framework; name = CoreText.framework; path = System/Library/Frameworks/CoreText.framework; sourceTree = SDKROOT; };
		C8D4D6CA15659452003AF41C /* MissionItemUIViewController.h */ = {isa = PBXFileReference; fileEncoding = 4; lastKnownFileType = sourcecode.c.h; path = MissionItemUIViewController.h; sourceTree = "<group>"; };
		C8D4D6CB15659452003AF41C /* MissionItemUIViewController.m */ = {isa = PBXFileReference; fileEncoding = 4; lastKnownFileType = sourcecode.c.objc; path = MissionItemUIViewController.m; sourceTree = "<group>"; };
		C8D4D6CC15659452003AF41C /* MissionItemUIViewController.xib */ = {isa = PBXFileReference; fileEncoding = 4; lastKnownFileType = file.xib; path = MissionItemUIViewController.xib; sourceTree = "<group>"; };
		C8D4D6D015659564003AF41C /* mission-item.png */ = {isa = PBXFileReference; lastKnownFileType = image.png; path = "mission-item.png"; sourceTree = "<group>"; };
		C8D4D6D2156596C7003AF41C /* mission-item-ok-bg.png */ = {isa = PBXFileReference; lastKnownFileType = image.png; path = "mission-item-ok-bg.png"; sourceTree = "<group>"; };
		C8D4D6D3156596C7003AF41C /* mission-item-ok.png */ = {isa = PBXFileReference; lastKnownFileType = image.png; path = "mission-item-ok.png"; sourceTree = "<group>"; };
		C8F12ACF1558103C00DF34D7 /* Settings.bundle */ = {isa = PBXFileReference; lastKnownFileType = "wrapper.plug-in"; path = Settings.bundle; sourceTree = "<group>"; };
		E2E6568E156679CA00AA1311 /* FromTopReplaceSegue.h */ = {isa = PBXFileReference; fileEncoding = 4; lastKnownFileType = sourcecode.c.h; path = FromTopReplaceSegue.h; sourceTree = "<group>"; };
		E2E6568F156679CA00AA1311 /* FromTopReplaceSegue.m */ = {isa = PBXFileReference; fileEncoding = 4; lastKnownFileType = sourcecode.c.objc; path = FromTopReplaceSegue.m; sourceTree = "<group>"; };
		E2E6569215667C5400AA1311 /* TriboardItemUIViewController.h */ = {isa = PBXFileReference; fileEncoding = 4; lastKnownFileType = sourcecode.c.h; path = TriboardItemUIViewController.h; sourceTree = "<group>"; };
		E2E6569315667C5400AA1311 /* TriboardItemUIViewController.m */ = {isa = PBXFileReference; fileEncoding = 4; lastKnownFileType = sourcecode.c.objc; path = TriboardItemUIViewController.m; sourceTree = "<group>"; };
		E2E6569415667C5400AA1311 /* TriboardItemUIViewController.xib */ = {isa = PBXFileReference; fileEncoding = 4; lastKnownFileType = file.xib; path = TriboardItemUIViewController.xib; sourceTree = "<group>"; };
		E2E65697156681AE00AA1311 /* triboard.json */ = {isa = PBXFileReference; fileEncoding = 4; lastKnownFileType = text.json; path = triboard.json; sourceTree = "<group>"; };
/* End PBXFileReference section */

/* Begin PBXFrameworksBuildPhase section */
		C83AED5015487BE3003EB844 /* Frameworks */ = {
			isa = PBXFrameworksBuildPhase;
			buildActionMask = 2147483647;
			files = (
				C81D5770155C7D9300E02046 /* CoreData.framework in Frameworks */,
				C8CF69E91553CFFE005AE1E6 /* CoreText.framework in Frameworks */,
				C80ED14015488247002CD0A8 /* QuartzCore.framework in Frameworks */,
				C83AED5815487BE3003EB844 /* UIKit.framework in Frameworks */,
				C83AED5A15487BE3003EB844 /* Foundation.framework in Frameworks */,
				C83AED5C15487BE3003EB844 /* CoreGraphics.framework in Frameworks */,
			);
			runOnlyForDeploymentPostprocessing = 0;
		};
/* End PBXFrameworksBuildPhase section */

/* Begin PBXGroup section */
		C80ED12315487E02002CD0A8 /* libs */ = {
			isa = PBXGroup;
			children = (
				C8CF001015603D0D00AE8677 /* json */,
				C8CF69E31553CCF9005AE1E6 /* custom */,
				C80ED12415487E02002CD0A8 /* iCarousel */,
			);
			path = libs;
			sourceTree = "<group>";
		};
		C80ED12415487E02002CD0A8 /* iCarousel */ = {
			isa = PBXGroup;
			children = (
				C80ED13815487FF4002CD0A8 /* iCarousel.h */,
				C80ED13915487FF4002CD0A8 /* iCarousel.m */,
			);
			path = iCarousel;
			sourceTree = "<group>";
		};
		C80ED12715487E02002CD0A8 /* src */ = {
			isa = PBXGroup;
			children = (
				C85D452B156561E200A5CC97 /* utils */,
				C88135481563C1BF0085FFF6 /* color */,
				C815E9A915488CC5004BB7B7 /* island */,
				C80ED1A915488581002CD0A8 /* game */,
				C80ED1AA15488582002CD0A8 /* GenericUIViewController.h */,
				C80ED1AB15488582002CD0A8 /* GenericUIViewController.m */,
				C80ED1AC15488582002CD0A8 /* index */,
				C80ED1AF15488582002CD0A8 /* mission */,
				C80ED1B215488582002CD0A8 /* navigation */,
				C80ED1B515488582002CD0A8 /* shop */,
				C80ED1B815488582002CD0A8 /* travel */,
				C80ED1BB15488582002CD0A8 /* triboard */,
				C80ED1BE15488582002CD0A8 /* tribu */,
			);
			path = src;
			sourceTree = "<group>";
		};
		C80ED1A915488581002CD0A8 /* game */ = {
			isa = PBXGroup;
			children = (
			);
			path = game;
			sourceTree = "<group>";
		};
		C80ED1AC15488582002CD0A8 /* index */ = {
			isa = PBXGroup;
			children = (
				C80ED1AD15488582002CD0A8 /* MainUIViewController.h */,
				C80ED1AE15488582002CD0A8 /* MainUIViewController.m */,
			);
			path = index;
			sourceTree = "<group>";
		};
		C80ED1AF15488582002CD0A8 /* mission */ = {
			isa = PBXGroup;
			children = (
				C80ED1B015488582002CD0A8 /* MissionUIViewController.h */,
				C80ED1B115488582002CD0A8 /* MissionUIViewController.m */,
				C8D4D6CA15659452003AF41C /* MissionItemUIViewController.h */,
				C8D4D6CB15659452003AF41C /* MissionItemUIViewController.m */,
				C8D4D6CC15659452003AF41C /* MissionItemUIViewController.xib */,
			);
			path = mission;
			sourceTree = "<group>";
		};
		C80ED1B215488582002CD0A8 /* navigation */ = {
			isa = PBXGroup;
			children = (
				C858645A1553571E00D44582 /* NavigationUIViewController.h */,
				C858645B1553571E00D44582 /* NavigationUIViewController.m */,
				C858645C1553571E00D44582 /* NavigationUIViewController.xib */,
				C858645D1553571E00D44582 /* UntouchableUIView.h */,
				C858645E1553571E00D44582 /* UntouchableUIView.m */,
				C868F5DC1555A8BA00CF03BB /* CustomUITabBarController.h */,
				C868F5DD1555A8BA00CF03BB /* CustomUITabBarController.m */,
				E2E6568E156679CA00AA1311 /* FromTopReplaceSegue.h */,
				E2E6568F156679CA00AA1311 /* FromTopReplaceSegue.m */,
			);
			path = navigation;
			sourceTree = "<group>";
		};
		C80ED1B515488582002CD0A8 /* shop */ = {
			isa = PBXGroup;
			children = (
				C80ED1B615488582002CD0A8 /* ShopUIViewController.h */,
				C8CF003D156075EE00AE8677 /* ShopItemUIController.h */,
				C8CF003E156075EE00AE8677 /* ShopItemUIController.m */,
				C8CF003F156075EE00AE8677 /* ShopItemUIController.xib */,
				C80ED1B715488582002CD0A8 /* ShopUIViewController.m */,
			);
			path = shop;
			sourceTree = "<group>";
		};
		C80ED1B815488582002CD0A8 /* travel */ = {
			isa = PBXGroup;
			children = (
				C80ED1B915488582002CD0A8 /* TravelUIViewController.h */,
				C80ED1BA15488582002CD0A8 /* TravelUIViewController.m */,
			);
			path = travel;
			sourceTree = "<group>";
		};
		C80ED1BB15488582002CD0A8 /* triboard */ = {
			isa = PBXGroup;
			children = (
				C80ED1BC15488582002CD0A8 /* TriboardUIViewController.h */,
				C80ED1BD15488582002CD0A8 /* TriboardUIViewController.m */,
				C8C164371555D32700D88281 /* BagUIViewController.h */,
				C8C164381555D32700D88281 /* BagUIViewController.m */,
				E2E6569215667C5400AA1311 /* TriboardItemUIViewController.h */,
				E2E6569315667C5400AA1311 /* TriboardItemUIViewController.m */,
				E2E6569415667C5400AA1311 /* TriboardItemUIViewController.xib */,
			);
			path = triboard;
			sourceTree = "<group>";
		};
		C80ED1BE15488582002CD0A8 /* tribu */ = {
			isa = PBXGroup;
			children = (
				C80ED1BF15488582002CD0A8 /* TribuUIViewController.h */,
				C80ED1C015488582002CD0A8 /* TribuUIViewController.m */,
			);
			path = tribu;
			sourceTree = "<group>";
		};
		C815E9A915488CC5004BB7B7 /* island */ = {
			isa = PBXGroup;
			children = (
				C815E9AA15488CDC004BB7B7 /* IslandUIViewController.h */,
				C815E9AB15488CDC004BB7B7 /* IslandUIViewController.m */,
			);
			path = island;
			sourceTree = "<group>";
		};
		C815E9B315489678004BB7B7 /* images */ = {
			isa = PBXGroup;
			children = (
				C8D4D6D2156596C7003AF41C /* mission-item-ok-bg.png */,
				C8D4D6D3156596C7003AF41C /* mission-item-ok.png */,
				C8D4D6D015659564003AF41C /* mission-item.png */,
				C81EEFED156140FB0060C513 /* item2@2x.png */,
				C81D572E155C603A00E02046 /* main-button-normal@2x.png */,
				C81D572F155C603A00E02046 /* main-button-selected@2x.png */,
				C81D5728155C5B1F00E02046 /* back-btn@2x.png */,
				C81D5736155C73F000E02046 /* triboard-customization@2x.png */,
				C822F8201557FD0600F348C4 /* item@2x.png */,
				C85864631553575D00D44582 /* b_bleu@2x.png */,
				C85864641553575D00D44582 /* b_jaune@2x.png */,
				C85864651553575D00D44582 /* b_orange@2x.png */,
				C86D2C8B155AEB2E0057AB5D /* item-back@2x.png */,
				C85864661553575D00D44582 /* b_rouge@2x.png */,
				C85864671553575D00D44582 /* b_vert@2x.png */,
				C85864681553575D00D44582 /* b_violet@2x.png */,
				C85864691553575D00D44582 /* fond@2x.png */,
				C858646A1553575D00D44582 /* fond1@2x.png */,
				C858646B1553575D00D44582 /* fond2@2x.png */,
				C858646C1553575D00D44582 /* fond3@2x.png */,
				C858646D1553575D00D44582 /* ile_bleue@2x.png */,
				C858646E1553575D00D44582 /* ile_jaune@2x.png */,
				C81D5734155C6E5F00E02046 /* tribus-bg@2x.png */,
				C858646F1553575D00D44582 /* ile_orange@2x.png */,
				C85864701553575D00D44582 /* ile_rouge@2x.png */,
				C85864711553575D00D44582 /* ile_verte@2x.png */,
				C85864721553575D00D44582 /* ile_violette@2x.png */,
				C85864731553575D00D44582 /* main-bg@2x.jpg */,
			);
			name = images;
			path = Tribus/Resources/images;
			sourceTree = SOURCE_ROOT;
		};
		C83AED4815487BE2003EB844 = {
			isa = PBXGroup;
			children = (
				C81D576F155C7D9300E02046 /* CoreData.framework */,
				C8CF69E81553CFFE005AE1E6 /* CoreText.framework */,
				C80ED13F15488247002CD0A8 /* QuartzCore.framework */,
				C83AED5D15487BE3003EB844 /* Tribus */,
				C83AED5615487BE3003EB844 /* Frameworks */,
				C83AED5415487BE3003EB844 /* Products */,
			);
			sourceTree = "<group>";
		};
		C83AED5415487BE3003EB844 /* Products */ = {
			isa = PBXGroup;
			children = (
				C83AED5315487BE3003EB844 /* Tribus.app */,
			);
			name = Products;
			sourceTree = "<group>";
		};
		C83AED5615487BE3003EB844 /* Frameworks */ = {
			isa = PBXGroup;
			children = (
				C83AED5715487BE3003EB844 /* UIKit.framework */,
				C83AED5915487BE3003EB844 /* Foundation.framework */,
				C83AED5B15487BE3003EB844 /* CoreGraphics.framework */,
			);
			name = Frameworks;
			sourceTree = "<group>";
		};
		C83AED5D15487BE3003EB844 /* Tribus */ = {
			isa = PBXGroup;
			children = (
				C809FCFD155ECAB700CE769B /* CoreDataBase.sqlite */,
				C887045A154F327900F05757 /* Models */,
				C83AED7D15487C98003EB844 /* Bin */,
				C83AED7E15487C98003EB844 /* Classes */,
				C83AED7F15487C98003EB844 /* Resources */,
				C83AED6615487BE3003EB844 /* AppDelegate.h */,
				C83AED6715487BE3003EB844 /* AppDelegate.m */,
				C83AED5E15487BE3003EB844 /* Supporting Files */,
				C8F12ACF1558103C00DF34D7 /* Settings.bundle */,
			);
			path = Tribus;
			sourceTree = "<group>";
		};
		C83AED5E15487BE3003EB844 /* Supporting Files */ = {
			isa = PBXGroup;
			children = (
				C83AED5F15487BE3003EB844 /* Tribus-Info.plist */,
				C83AED6015487BE3003EB844 /* InfoPlist.strings */,
				C83AED6315487BE3003EB844 /* main.m */,
				C83AED6515487BE3003EB844 /* Tribus-Prefix.pch */,
			);
			name = "Supporting Files";
			sourceTree = "<group>";
		};
		C83AED7D15487C98003EB844 /* Bin */ = {
			isa = PBXGroup;
			children = (
			);
			path = Bin;
			sourceTree = "<group>";
		};
		C83AED7E15487C98003EB844 /* Classes */ = {
			isa = PBXGroup;
			children = (
				C80ED12315487E02002CD0A8 /* libs */,
				C80ED12715487E02002CD0A8 /* src */,
			);
			path = Classes;
			sourceTree = "<group>";
		};
		C83AED7F15487C98003EB844 /* Resources */ = {
			isa = PBXGroup;
			children = (
				C87985C9154F06E600DC03FA /* fonts */,
				C815E9B315489678004BB7B7 /* images */,
				C8683ABD15488A08000062AC /* ui */,
			);
			name = Resources;
			path = Ressources;
			sourceTree = "<group>";
		};
		C85D452B156561E200A5CC97 /* utils */ = {
			isa = PBXGroup;
			children = (
				C85D452C1565624D00A5CC97 /* USave.h */,
				C85D452D1565624D00A5CC97 /* USave.m */,
			);
			path = utils;
			sourceTree = "<group>";
		};
		C8683ABD15488A08000062AC /* ui */ = {
			isa = PBXGroup;
			children = (
				C80D15ED15489D5D00A5BB61 /* MainStoryboard.storyboard */,
			);
			path = ui;
			sourceTree = "<group>";
		};
		C87985C9154F06E600DC03FA /* fonts */ = {
			isa = PBXGroup;
			children = (
				C81EEFEA1560E3730060C513 /* Tw Cen MT.ttf */,
				C81D5726155C4B3F00E02046 /* Kohicle25.ttf */,
			);
			name = fonts;
			path = Tribus/Resources/fonts;
			sourceTree = SOURCE_ROOT;
		};
		C88135481563C1BF0085FFF6 /* color */ = {
			isa = PBXGroup;
			children = (
				C88026D515614BCC0093F50A /* Color.h */,
				C88026D615614BCC0093F50A /* Color.m */,
				C881354A1563C2690085FFF6 /* ColorManager.h */,
				C881354B1563C2690085FFF6 /* ColorManager.m */,
				C881354C1563C2690085FFF6 /* ColorUIViewController.xib */,
			);
			path = color;
			sourceTree = "<group>";
		};
		C887045A154F327900F05757 /* Models */ = {
			isa = PBXGroup;
			children = (
				C8CF003715603DC800AE8677 /* motif.json */,
				C8CF00391560484A00AE8677 /* mission.json */,
				C809FCF6155EC17200CE769B /* CoreDataBase.xcdatamodeld */,
				C880F3F71563D96600C2A974 /* color.json */,
				E2E65697156681AE00AA1311 /* triboard.json */,
			);
			path = Models;
			sourceTree = "<group>";
		};
		C8CF001015603D0D00AE8677 /* json */ = {
			isa = PBXGroup;
			children = (
				C8CF001115603D0D00AE8677 /* NSObject+SBJson.h */,
				C8CF001215603D0D00AE8677 /* NSObject+SBJson.m */,
				C8CF001315603D0D00AE8677 /* SBJson.h */,
				C8CF001415603D0D00AE8677 /* SBJsonParser.h */,
				C8CF001515603D0D00AE8677 /* SBJsonParser.m */,
				C8CF001615603D0D00AE8677 /* SBJsonStreamParser.h */,
				C8CF001715603D0D00AE8677 /* SBJsonStreamParser.m */,
				C8CF001815603D0D00AE8677 /* SBJsonStreamParserAccumulator.h */,
				C8CF001915603D0D00AE8677 /* SBJsonStreamParserAccumulator.m */,
				C8CF001A15603D0D00AE8677 /* SBJsonStreamParserAdapter.h */,
				C8CF001B15603D0D00AE8677 /* SBJsonStreamParserAdapter.m */,
				C8CF001C15603D0D00AE8677 /* SBJsonStreamParserState.h */,
				C8CF001D15603D0D00AE8677 /* SBJsonStreamParserState.m */,
				C8CF001E15603D0D00AE8677 /* SBJsonStreamWriter.h */,
				C8CF001F15603D0D00AE8677 /* SBJsonStreamWriter.m */,
				C8CF002015603D0D00AE8677 /* SBJsonStreamWriterAccumulator.h */,
				C8CF002115603D0D00AE8677 /* SBJsonStreamWriterAccumulator.m */,
				C8CF002215603D0D00AE8677 /* SBJsonStreamWriterState.h */,
				C8CF002315603D0D00AE8677 /* SBJsonStreamWriterState.m */,
				C8CF002415603D0D00AE8677 /* SBJsonTokeniser.h */,
				C8CF002515603D0D00AE8677 /* SBJsonTokeniser.m */,
				C8CF002615603D0D00AE8677 /* SBJsonUTF8Stream.h */,
				C8CF002715603D0D00AE8677 /* SBJsonUTF8Stream.m */,
				C8CF002815603D0D00AE8677 /* SBJsonWriter.h */,
				C8CF002915603D0D00AE8677 /* SBJsonWriter.m */,
			);
			path = json;
			sourceTree = "<group>";
		};
		C8CF69E31553CCF9005AE1E6 /* custom */ = {
			isa = PBXGroup;
			children = (
				C8CF69E41553CCF9005AE1E6 /* NMCustomLabel.h */,
				C8CF69E51553CCF9005AE1E6 /* NMCustomLabel.m */,
			);
			path = custom;
			sourceTree = "<group>";
		};
/* End PBXGroup section */

/* Begin PBXNativeTarget section */
		C83AED5215487BE3003EB844 /* Tribus */ = {
			isa = PBXNativeTarget;
			buildConfigurationList = C83AED7115487BE3003EB844 /* Build configuration list for PBXNativeTarget "Tribus" */;
			buildPhases = (
				C83AED4F15487BE3003EB844 /* Sources */,
				C83AED5015487BE3003EB844 /* Frameworks */,
				C83AED5115487BE3003EB844 /* Resources */,
			);
			buildRules = (
			);
			dependencies = (
			);
			name = Tribus;
			productName = Tribus;
			productReference = C83AED5315487BE3003EB844 /* Tribus.app */;
			productType = "com.apple.product-type.application";
		};
/* End PBXNativeTarget section */

/* Begin PBXProject section */
		C83AED4A15487BE2003EB844 /* Project object */ = {
			isa = PBXProject;
			attributes = {
				LastUpgradeCheck = 0420;
			};
			buildConfigurationList = C83AED4D15487BE2003EB844 /* Build configuration list for PBXProject "Tribus" */;
			compatibilityVersion = "Xcode 3.2";
			developmentRegion = English;
			hasScannedForEncodings = 0;
			knownRegions = (
				en,
			);
			mainGroup = C83AED4815487BE2003EB844;
			productRefGroup = C83AED5415487BE3003EB844 /* Products */;
			projectDirPath = "";
			projectRoot = "";
			targets = (
				C83AED5215487BE3003EB844 /* Tribus */,
			);
		};
/* End PBXProject section */

/* Begin PBXResourcesBuildPhase section */
		C83AED5115487BE3003EB844 /* Resources */ = {
			isa = PBXResourcesBuildPhase;
			buildActionMask = 2147483647;
			files = (
				C83AED6215487BE3003EB844 /* InfoPlist.strings in Resources */,
				C80D15EF15489D5D00A5BB61 /* MainStoryboard.storyboard in Resources */,
				C85864601553571E00D44582 /* NavigationUIViewController.xib in Resources */,
				C85864761553575D00D44582 /* b_bleu@2x.png in Resources */,
				C85864771553575D00D44582 /* b_jaune@2x.png in Resources */,
				C85864781553575D00D44582 /* b_orange@2x.png in Resources */,
				C85864791553575D00D44582 /* b_rouge@2x.png in Resources */,
				C858647A1553575D00D44582 /* b_vert@2x.png in Resources */,
				C858647B1553575D00D44582 /* b_violet@2x.png in Resources */,
				C858647C1553575D00D44582 /* fond@2x.png in Resources */,
				C858647D1553575D00D44582 /* fond1@2x.png in Resources */,
				C858647E1553575D00D44582 /* fond2@2x.png in Resources */,
				C858647F1553575D00D44582 /* fond3@2x.png in Resources */,
				C85864801553575D00D44582 /* ile_bleue@2x.png in Resources */,
				C85864811553575D00D44582 /* ile_jaune@2x.png in Resources */,
				C85864821553575D00D44582 /* ile_orange@2x.png in Resources */,
				C85864831553575D00D44582 /* ile_rouge@2x.png in Resources */,
				C85864841553575D00D44582 /* ile_verte@2x.png in Resources */,
				C85864851553575D00D44582 /* ile_violette@2x.png in Resources */,
				C85864861553575D00D44582 /* main-bg@2x.jpg in Resources */,
				C822F8211557FD0600F348C4 /* item@2x.png in Resources */,
				C8F12AD01558103C00DF34D7 /* Settings.bundle in Resources */,
				C86D2C8C155AEB2E0057AB5D /* item-back@2x.png in Resources */,
				C81D5727155C4B3F00E02046 /* Kohicle25.ttf in Resources */,
				C81D5729155C5B1F00E02046 /* back-btn@2x.png in Resources */,
				C81D5730155C603A00E02046 /* main-button-normal@2x.png in Resources */,
				C81D5731155C603A00E02046 /* main-button-selected@2x.png in Resources */,
				C81D5735155C6E5F00E02046 /* tribus-bg@2x.png in Resources */,
				C81D5737155C73F000E02046 /* triboard-customization@2x.png in Resources */,
				C809FCFE155ECAB700CE769B /* CoreDataBase.sqlite in Resources */,
				C8CF003815603DC800AE8677 /* motif.json in Resources */,
				C8CF003A1560484A00AE8677 /* mission.json in Resources */,
				C8CF0041156075EE00AE8677 /* ShopItemUIController.xib in Resources */,
				C81EEFEB1560E3730060C513 /* Tw Cen MT.ttf in Resources */,
				C81EEFEE156140FB0060C513 /* item2@2x.png in Resources */,
				C881354E1563C2690085FFF6 /* ColorUIViewController.xib in Resources */,
				C880F3F81563D96600C2A974 /* color.json in Resources */,
				C8D4D6CE15659452003AF41C /* MissionItemUIViewController.xib in Resources */,
				C8D4D6D115659564003AF41C /* mission-item.png in Resources */,
				C8D4D6D4156596C7003AF41C /* mission-item-ok-bg.png in Resources */,
				C8D4D6D5156596C7003AF41C /* mission-item-ok.png in Resources */,
				E2E6569615667C5400AA1311 /* TriboardItemUIViewController.xib in Resources */,
				E2E65698156681AE00AA1311 /* triboard.json in Resources */,
			);
			runOnlyForDeploymentPostprocessing = 0;
		};
/* End PBXResourcesBuildPhase section */

/* Begin PBXSourcesBuildPhase section */
		C83AED4F15487BE3003EB844 /* Sources */ = {
			isa = PBXSourcesBuildPhase;
			buildActionMask = 2147483647;
			files = (
				C83AED6415487BE3003EB844 /* main.m in Sources */,
				C83AED6815487BE3003EB844 /* AppDelegate.m in Sources */,
				C80ED13A15487FF4002CD0A8 /* iCarousel.m in Sources */,
				C80ED1C315488582002CD0A8 /* GenericUIViewController.m in Sources */,
				C80ED1C415488582002CD0A8 /* MainUIViewController.m in Sources */,
				C80ED1C515488582002CD0A8 /* MissionUIViewController.m in Sources */,
				C80ED1C715488582002CD0A8 /* ShopUIViewController.m in Sources */,
				C80ED1C815488582002CD0A8 /* TravelUIViewController.m in Sources */,
				C80ED1C915488582002CD0A8 /* TriboardUIViewController.m in Sources */,
				C80ED1CA15488582002CD0A8 /* TribuUIViewController.m in Sources */,
				C815E9AC15488CDC004BB7B7 /* IslandUIViewController.m in Sources */,
				C858645F1553571E00D44582 /* NavigationUIViewController.m in Sources */,
				C85864611553571E00D44582 /* UntouchableUIView.m in Sources */,
				C8CF69E61553CCF9005AE1E6 /* NMCustomLabel.m in Sources */,
				C868F5DE1555A8BA00CF03BB /* CustomUITabBarController.m in Sources */,
				C8C164391555D32700D88281 /* BagUIViewController.m in Sources */,
				C809FCF8155EC17200CE769B /* CoreDataBase.xcdatamodeld in Sources */,
				C8CF002A15603D0D00AE8677 /* NSObject+SBJson.m in Sources */,
				C8CF002B15603D0D00AE8677 /* SBJsonParser.m in Sources */,
				C8CF002C15603D0D00AE8677 /* SBJsonStreamParser.m in Sources */,
				C8CF002D15603D0D00AE8677 /* SBJsonStreamParserAccumulator.m in Sources */,
				C8CF002E15603D0D00AE8677 /* SBJsonStreamParserAdapter.m in Sources */,
				C8CF002F15603D0D00AE8677 /* SBJsonStreamParserState.m in Sources */,
				C8CF003015603D0D00AE8677 /* SBJsonStreamWriter.m in Sources */,
				C8CF003115603D0D00AE8677 /* SBJsonStreamWriterAccumulator.m in Sources */,
				C8CF003215603D0D00AE8677 /* SBJsonStreamWriterState.m in Sources */,
				C8CF003315603D0D00AE8677 /* SBJsonTokeniser.m in Sources */,
				C8CF003415603D0D00AE8677 /* SBJsonUTF8Stream.m in Sources */,
				C8CF003515603D0D00AE8677 /* SBJsonWriter.m in Sources */,
				C8CF0040156075EE00AE8677 /* ShopItemUIController.m in Sources */,
				C88026D715614BCC0093F50A /* Color.m in Sources */,
				C881354D1563C2690085FFF6 /* ColorManager.m in Sources */,
				C85D452E1565624D00A5CC97 /* USave.m in Sources */,
				C8D4D6CD15659452003AF41C /* MissionItemUIViewController.m in Sources */,
				E2E65690156679CA00AA1311 /* FromTopReplaceSegue.m in Sources */,
				E2E6569515667C5400AA1311 /* TriboardItemUIViewController.m in Sources */,
			);
			runOnlyForDeploymentPostprocessing = 0;
		};
/* End PBXSourcesBuildPhase section */

/* Begin PBXVariantGroup section */
		C80D15ED15489D5D00A5BB61 /* MainStoryboard.storyboard */ = {
			isa = PBXVariantGroup;
			children = (
				C80D15EE15489D5D00A5BB61 /* en */,
			);
			name = MainStoryboard.storyboard;
			sourceTree = "<group>";
		};
		C83AED6015487BE3003EB844 /* InfoPlist.strings */ = {
			isa = PBXVariantGroup;
			children = (
				C83AED6115487BE3003EB844 /* en */,
			);
			name = InfoPlist.strings;
			sourceTree = "<group>";
		};
/* End PBXVariantGroup section */

/* Begin XCBuildConfiguration section */
		C83AED6F15487BE3003EB844 /* Debug */ = {
			isa = XCBuildConfiguration;
			buildSettings = {
				ALWAYS_SEARCH_USER_PATHS = NO;
				ARCHS = "$(ARCHS_STANDARD_32_BIT)";
				CLANG_ENABLE_OBJC_ARC = YES;
				"CODE_SIGN_IDENTITY[sdk=iphoneos*]" = "iPhone Developer";
				COPY_PHASE_STRIP = NO;
				GCC_C_LANGUAGE_STANDARD = gnu99;
				GCC_DYNAMIC_NO_PIC = NO;
				GCC_OPTIMIZATION_LEVEL = 0;
				GCC_PREPROCESSOR_DEFINITIONS = (
					"DEBUG=1",
					"$(inherited)",
				);
				GCC_SYMBOLS_PRIVATE_EXTERN = NO;
				GCC_VERSION = com.apple.compilers.llvm.clang.1_0;
				GCC_WARN_ABOUT_MISSING_PROTOTYPES = YES;
				GCC_WARN_ABOUT_RETURN_TYPE = YES;
				GCC_WARN_UNUSED_VARIABLE = YES;
				IPHONEOS_DEPLOYMENT_TARGET = 5.0;
				SDKROOT = iphoneos;
			};
			name = Debug;
		};
		C83AED7015487BE3003EB844 /* Release */ = {
			isa = XCBuildConfiguration;
			buildSettings = {
				ALWAYS_SEARCH_USER_PATHS = NO;
				ARCHS = "$(ARCHS_STANDARD_32_BIT)";
				CLANG_ENABLE_OBJC_ARC = YES;
				"CODE_SIGN_IDENTITY[sdk=iphoneos*]" = "iPhone Developer";
				COPY_PHASE_STRIP = YES;
				GCC_C_LANGUAGE_STANDARD = gnu99;
				GCC_VERSION = com.apple.compilers.llvm.clang.1_0;
				GCC_WARN_ABOUT_MISSING_PROTOTYPES = YES;
				GCC_WARN_ABOUT_RETURN_TYPE = YES;
				GCC_WARN_UNUSED_VARIABLE = YES;
				IPHONEOS_DEPLOYMENT_TARGET = 5.0;
				OTHER_CFLAGS = "-DNS_BLOCK_ASSERTIONS=1";
				SDKROOT = iphoneos;
				VALIDATE_PRODUCT = YES;
			};
			name = Release;
		};
		C83AED7215487BE3003EB844 /* Debug */ = {
			isa = XCBuildConfiguration;
			buildSettings = {
				FRAMEWORK_SEARCH_PATHS = (
					"$(inherited)",
					"\"$(SRCROOT)\"",
				);
				GCC_PRECOMPILE_PREFIX_HEADER = YES;
				GCC_PREFIX_HEADER = "Tribus/Tribus-Prefix.pch";
				INFOPLIST_FILE = "Tribus/Tribus-Info.plist";
				PRODUCT_NAME = "$(TARGET_NAME)";
				WRAPPER_EXTENSION = app;
			};
			name = Debug;
		};
		C83AED7315487BE3003EB844 /* Release */ = {
			isa = XCBuildConfiguration;
			buildSettings = {
				FRAMEWORK_SEARCH_PATHS = (
					"$(inherited)",
					"\"$(SRCROOT)\"",
				);
				GCC_PRECOMPILE_PREFIX_HEADER = YES;
				GCC_PREFIX_HEADER = "Tribus/Tribus-Prefix.pch";
				INFOPLIST_FILE = "Tribus/Tribus-Info.plist";
				PRODUCT_NAME = "$(TARGET_NAME)";
				WRAPPER_EXTENSION = app;
			};
			name = Release;
		};
/* End XCBuildConfiguration section */

/* Begin XCConfigurationList section */
		C83AED4D15487BE2003EB844 /* Build configuration list for PBXProject "Tribus" */ = {
			isa = XCConfigurationList;
			buildConfigurations = (
				C83AED6F15487BE3003EB844 /* Debug */,
				C83AED7015487BE3003EB844 /* Release */,
			);
			defaultConfigurationIsVisible = 0;
			defaultConfigurationName = Release;
		};
		C83AED7115487BE3003EB844 /* Build configuration list for PBXNativeTarget "Tribus" */ = {
			isa = XCConfigurationList;
			buildConfigurations = (
				C83AED7215487BE3003EB844 /* Debug */,
				C83AED7315487BE3003EB844 /* Release */,
			);
			defaultConfigurationIsVisible = 0;
			defaultConfigurationName = Release;
		};
/* End XCConfigurationList section */

/* Begin XCVersionGroup section */
		C809FCF6155EC17200CE769B /* CoreDataBase.xcdatamodeld */ = {
			isa = XCVersionGroup;
			children = (
				C809FCF7155EC17200CE769B /* CoreDataBase.xcdatamodel */,
			);
			currentVersion = C809FCF7155EC17200CE769B /* CoreDataBase.xcdatamodel */;
			path = CoreDataBase.xcdatamodeld;
			sourceTree = "<group>";
			versionGroupType = wrapper.xcdatamodel;
		};
/* End XCVersionGroup section */
	};
	rootObject = C83AED4A15487BE2003EB844 /* Project object */;
}
